
Microsoft Visual Studio Solution File, Format Version 12.00
# Visual Studio Version 17
VisualStudioVersion = 17.9.34902.65
MinimumVisualStudioVersion = 10.0.40219.1
Project("{FAE04EC0-301F-11D3-BF4B-00C04F79EFBC}") = "S01-Linguaggio", "S01-Linguaggio.csproj", "{44186E2D-63FD-4EEA-A003-FF48A06BE722}"
EndProject
Global
	GlobalSection(SolutionConfigurationPlatforms) = preSolution
		Debug|Any CPU = Debug|Any CPU
		Release|Any CPU = Release|Any CPU
	EndGlobalSection
	GlobalSection(ProjectConfigurationPlatforms) = postSolution
		{44186E2D-63FD-4EEA-A003-FF48A06BE722}.Debug|Any CPU.ActiveCfg = Debug|Any CPU
		{44186E2D-63FD-4EEA-A003-FF48A06BE722}.Debug|Any CPU.Build.0 = Debug|Any CPU
		{44186E2D-63FD-4EEA-A003-FF48A06BE722}.Release|Any CPU.ActiveCfg = Release|Any CPU
		{44186E2D-63FD-4EEA-A003-FF48A06BE722}.Release|Any CPU.Build.0 = Release|Any CPU
	EndGlobalSection
	GlobalSection(SolutionProperties) = preSolution
		HideSolutionNode = FALSE
	EndGlobalSection
	GlobalSection(ExtensibilityGlobals) = postSolution
		SolutionGuid = {8E446817-76E0-40B6-AC7B-8EDA9FF66B57}
	EndGlobalSection
EndGlobal
