
Microsoft Visual Studio Solution File, Format Version 12.00
# Visual Studio Version 17
VisualStudioVersion = 17.9.34902.65
MinimumVisualStudioVersion = 10.0.40219.1
Project("{FAE04EC0-301F-11D3-BF4B-00C04F79EFBC}") = "S07-OOP-primo", "S07-OOP-primo.csproj", "{7518F787-4C7F-4CEA-BB8E-22501E4005F5}"
EndProject
Global
	GlobalSection(SolutionConfigurationPlatforms) = preSolution
		Debug|Any CPU = Debug|Any CPU
		Release|Any CPU = Release|Any CPU
	EndGlobalSection
	GlobalSection(ProjectConfigurationPlatforms) = postSolution
		{7518F787-4C7F-4CEA-BB8E-22501E4005F5}.Debug|Any CPU.ActiveCfg = Debug|Any CPU
		{7518F787-4C7F-4CEA-BB8E-22501E4005F5}.Debug|Any CPU.Build.0 = Debug|Any CPU
		{7518F787-4C7F-4CEA-BB8E-22501E4005F5}.Release|Any CPU.ActiveCfg = Release|Any CPU
		{7518F787-4C7F-4CEA-BB8E-22501E4005F5}.Release|Any CPU.Build.0 = Release|Any CPU
	EndGlobalSection
	GlobalSection(SolutionProperties) = preSolution
		HideSolutionNode = FALSE
	EndGlobalSection
	GlobalSection(ExtensibilityGlobals) = postSolution
		SolutionGuid = {16B82F44-C615-4C7D-88C9-65B28D9338A3}
	EndGlobalSection
EndGlobal
